
Microsoft Visual Studio Solution File, Format Version 12.00
# Visual Studio Version 17
VisualStudioVersion = 17.2.32616.157
MinimumVisualStudioVersion = 10.0.40219.1
Project("{FAE04EC0-301F-11D3-BF4B-00C04F79EFBC}") = "Trill_Alarm", "Trill_Alarm\Trill_Alarm.csproj", "{B9D30E95-EC58-469A-A8B2-A1520588C146}"
EndProject
Global
	GlobalSection(SolutionConfigurationPlatforms) = preSolution
		Debug|Any CPU = Debug|Any CPU
		Release|Any CPU = Release|Any CPU
	EndGlobalSection
	GlobalSection(ProjectConfigurationPlatforms) = postSolution
		{B9D30E95-EC58-469A-A8B2-A1520588C146}.Debug|Any CPU.ActiveCfg = Debug|Any CPU
		{B9D30E95-EC58-469A-A8B2-A1520588C146}.Debug|Any CPU.Build.0 = Debug|Any CPU
		{B9D30E95-EC58-469A-A8B2-A1520588C146}.Release|Any CPU.ActiveCfg = Release|Any CPU
		{B9D30E95-EC58-469A-A8B2-A1520588C146}.Release|Any CPU.Build.0 = Release|Any CPU
	EndGlobalSection
	GlobalSection(SolutionProperties) = preSolution
		HideSolutionNode = FALSE
	EndGlobalSection
	GlobalSection(ExtensibilityGlobals) = postSolution
		SolutionGuid = {050ED53F-3782-47F8-A5AE-FFB11A3F041B}
	EndGlobalSection
EndGlobal
